
Microsoft Visual Studio Solution File, Format Version 12.00
Project("{2150E333-8FDC-42A3-9474-1A3956D46DE8}") = "Solution Items", "Solution Items", "{B4F743A2-03C6-41F3-906E-19A70CAA8612}"
	ProjectSection(SolutionItems) = preProject
		.dockerignore = .dockerignore
		.gitignore = .gitignore
		docker-compose.override.yml = docker-compose.override.yml
		docker-compose.yml = docker-compose.yml
		Dockerfile = Dockerfile
		global.json = global.json
		README.md = README.md
	EndProjectSection
EndProject
Project("{2150E333-8FDC-42A3-9474-1A3956D46DE8}") = "src", "src", "{4DE677BD-E278-4CA6-B225-8F4A6D5D4EFE}"
EndProject
Project("{2150E333-8FDC-42A3-9474-1A3956D46DE8}") = "tests", "tests", "{760BF4A9-7C5F-40D6-85AB-817E79B78DA7}"
EndProject
Project("{2150E333-8FDC-42A3-9474-1A3956D46DE8}") = "ApiGateways", "ApiGateways", "{1334C17C-51B4-4E8F-9365-E6864B810BA5}"
EndProject
Project("{2150E333-8FDC-42A3-9474-1A3956D46DE8}") = "BuildingBlocks", "BuildingBlocks", "{C9445F8E-0718-4DCF-9122-71DABCE97A5A}"
EndProject
Project("{2150E333-8FDC-42A3-9474-1A3956D46DE8}") = "Services", "Services", "{4594B0AD-438B-4C24-85A2-C9E60C0A9E49}"
EndProject
Project("{2150E333-8FDC-42A3-9474-1A3956D46DE8}") = "WebApps", "WebApps", "{67F973BD-3EB7-4931-B115-A48D6CC5B24C}"
EndProject
Project("{2150E333-8FDC-42A3-9474-1A3956D46DE8}") = "resources", "resources", "{25D6FB18-2A9B-4E08-A27B-13B4905E8F8C}"
	ProjectSection(SolutionItems) = preProject
		resources\Api Gateway Routing List.xlsx = resources\Api Gateway Routing List.xlsx
		resources\microservices-solution-architect.jpg = resources\microservices-solution-architect.jpg
		resources\postgresql_tutorial.pdf = resources\postgresql_tutorial.pdf
		resources\Redis-For-Dummies_FINAL.pdf = resources\Redis-For-Dummies_FINAL.pdf
	EndProjectSection
EndProject
Project("{FAE04EC0-301F-11D3-BF4B-00C04F79EFBC}") = "SharedKernel", "src\BuildingBlocks\SharedKernel\SharedKernel.csproj", "{9B8F7219-4BFD-4EFD-B103-1975E8462B02}"
EndProject
Project("{FAE04EC0-301F-11D3-BF4B-00C04F79EFBC}") = "EventBus.Messages", "src\BuildingBlocks\EventBus.Messages\EventBus.Messages.csproj", "{87FCEA57-82C1-4787-BC95-25470733C5E5}"
EndProject
Project("{2150E333-8FDC-42A3-9474-1A3956D46DE8}") = "Basket", "Basket", "{D8A8C532-E988-421F-AB83-0101895237BA}"
EndProject
Project("{2150E333-8FDC-42A3-9474-1A3956D46DE8}") = "Customer", "Customer", "{1E32FE76-7BEE-4B87-8658-12A49B9C3531}"
EndProject
Project("{2150E333-8FDC-42A3-9474-1A3956D46DE8}") = "Inventory", "Inventory", "{B2172276-3E61-49EB-8DD6-78D3B3A03CD8}"
EndProject
Project("{2150E333-8FDC-42A3-9474-1A3956D46DE8}") = "Ordering", "Ordering", "{C741AFAF-AC4D-4A74-9294-A3741EE8A495}"
EndProject
Project("{2150E333-8FDC-42A3-9474-1A3956D46DE8}") = "ScheduleJob", "ScheduleJob", "{97C4B237-EBA4-46F5-A6AC-9130E9C4992A}"
EndProject
Project("{2150E333-8FDC-42A3-9474-1A3956D46DE8}") = "FileManagerSystem", "FileManagerSystem", "{37DDEDE5-E973-4304-91DA-492EDBCA8FAD}"
EndProject
Project("{2150E333-8FDC-42A3-9474-1A3956D46DE8}") = "Notification", "Notification", "{DD8B5FE7-CC3B-4E38-8173-97FDE4179EA3}"
EndProject
Project("{2150E333-8FDC-42A3-9474-1A3956D46DE8}") = "MailboxManager", "MailboxManager", "{317740BB-6AD0-4C04-AFA0-C5B77A0EE9B9}"
EndProject
Project("{FAE04EC0-301F-11D3-BF4B-00C04F79EFBC}") = "WebHealthStatus", "src\WebApps\WebHealthStatus\WebHealthStatus.csproj", "{1DAFE6FE-6340-4934-80B5-FFE4FF323E11}"
EndProject
Project("{FAE04EC0-301F-11D3-BF4B-00C04F79EFBC}") = "Basket.Api", "src\Services\Basket\Basket.Api\Basket.Api.csproj", "{0E3AEBE2-FF47-4105-9012-F50ACD8C7F07}"
EndProject
Project("{2150E333-8FDC-42A3-9474-1A3956D46DE8}") = "Saga", "Saga", "{D4874F57-6A66-4BEF-8995-68A02892BEE9}"
EndProject
Project("{FAE04EC0-301F-11D3-BF4B-00C04F79EFBC}") = "Customer.Api", "src\Services\Customer\Customer.Api\Customer.Api.csproj", "{FC88D757-AD2C-4F8B-8858-8698F4BD7036}"
EndProject
Project("{2150E333-8FDC-42A3-9474-1A3956D46DE8}") = "Identity", "Identity", "{1F2AD8AF-E60A-44FD-BABD-6107AB65E54D}"
EndProject
Project("{FAE04EC0-301F-11D3-BF4B-00C04F79EFBC}") = "Identity.Api", "src\Services\Identity\Identity.Api\Identity.Api.csproj", "{3ABC2A4C-1267-4380-B56B-8E52B2AFCADD}"
EndProject
Project("{FAE04EC0-301F-11D3-BF4B-00C04F79EFBC}") = "Identity.Domain", "src\Services\Identity\Identity.Domain\Identity.Domain.csproj", "{41DB27AC-5E08-4D6E-AACD-303E39BB3767}"
EndProject
Project("{FAE04EC0-301F-11D3-BF4B-00C04F79EFBC}") = "Identity.Application", "src\Services\Identity\Identity.Application\Identity.Application.csproj", "{CB8FBFC5-096C-464A-8187-D211080C3488}"
EndProject
Project("{FAE04EC0-301F-11D3-BF4B-00C04F79EFBC}") = "Identity.Infrastructure", "src\Services\Identity\Identity.Infrastructure\Identity.Infrastructure.csproj", "{F497C1C3-48BA-4FD2-BF46-11ABFBF9691A}"
EndProject
Project("{FAE04EC0-301F-11D3-BF4B-00C04F79EFBC}") = "MailboxManager.Api", "src\Services\MailboxManager\MailboxManager.Api\MailboxManager.Api.csproj", "{12CAF446-B5A1-417E-BF24-DBE349B596FA}"
EndProject
Project("{FAE04EC0-301F-11D3-BF4B-00C04F79EFBC}") = "Inventory.Catalog.Api", "src\Services\Inventory\Inventory.Catalog.Api\Inventory.Catalog.Api.csproj", "{3EA54193-6EFF-41F6-9F4C-7B10297671F3}"
EndProject
Project("{FAE04EC0-301F-11D3-BF4B-00C04F79EFBC}") = "Notification.Api", "src\Services\Notification\Notification.Api\Notification.Api.csproj", "{B5A64770-D115-45A5-BDAA-4094AEA08E59}"
EndProject
Project("{FAE04EC0-301F-11D3-BF4B-00C04F79EFBC}") = "FileManagerSystem.Api", "src\Services\FileManagerSystem\FileManagerSystem.Api\FileManagerSystem.Api.csproj", "{A65FD4D5-4CCF-495B-9F0E-D4AC18F820B2}"
EndProject
Project("{FAE04EC0-301F-11D3-BF4B-00C04F79EFBC}") = "FileManagerSystem.Application", "src\Services\FileManagerSystem\FileManagerSystem.Application\FileManagerSystem.Application.csproj", "{F92F5243-5BDA-4B96-8198-F3494485154A}"
EndProject
Project("{FAE04EC0-301F-11D3-BF4B-00C04F79EFBC}") = "FileManagerSystem.Domain", "src\Services\FileManagerSystem\FileManagerSystem.Domain\FileManagerSystem.Domain.csproj", "{2273F854-F49E-40B6-9107-C241B7695D30}"
EndProject
Project("{FAE04EC0-301F-11D3-BF4B-00C04F79EFBC}") = "FileManagerSystem.Infrastructure", "src\Services\FileManagerSystem\FileManagerSystem.Infrastructure\FileManagerSystem.Infrastructure.csproj", "{34DF0BAF-391F-4C17-8ACC-0A496F4828E8}"
EndProject
Project("{FAE04EC0-301F-11D3-BF4B-00C04F79EFBC}") = "Hangfire.Api", "src\Services\ScheduleJob\Hangfire.Api\Hangfire.Api.csproj", "{5642EE23-E6B0-4E98-925B-D1D5FCC67015}"
EndProject
Project("{2150E333-8FDC-42A3-9474-1A3956D46DE8}") = "Catalog", "Catalog", "{EFDCD502-2E90-4BB0-B571-8F11D4209ABA}"
EndProject
Project("{FAE04EC0-301F-11D3-BF4B-00C04F79EFBC}") = "Catalog.Api", "src\Services\Catalog\Catalog.Api\Catalog.Api.csproj", "{9AD4EAC9-35C5-4962-918F-D0E81903F51F}"
EndProject
Project("{FAE04EC0-301F-11D3-BF4B-00C04F79EFBC}") = "Catalog.Application", "src\Services\Catalog\Catalog.Application\Catalog.Application.csproj", "{0B0B9FF9-6ECA-4BA3-ADD0-5495030C9534}"
EndProject
Project("{FAE04EC0-301F-11D3-BF4B-00C04F79EFBC}") = "Catalog.Domain", "src\Services\Catalog\Catalog.Domain\Catalog.Domain.csproj", "{A7262324-351C-4637-ACEB-136057B16E67}"
EndProject
Project("{FAE04EC0-301F-11D3-BF4B-00C04F79EFBC}") = "Catalog.Infrastructure", "src\Services\Catalog\Catalog.Infrastructure\Catalog.Infrastructure.csproj", "{A579DDAC-1707-4744-B4EC-707A09FBC0E2}"
EndProject
Project("{FAE04EC0-301F-11D3-BF4B-00C04F79EFBC}") = "Ordering.Application", "src\Services\Ordering\Ordering.Application\Ordering.Application.csproj", "{7679652A-25E4-4CD2-BC49-D649D569338E}"
EndProject
Project("{FAE04EC0-301F-11D3-BF4B-00C04F79EFBC}") = "Ordering.Domain", "src\Services\Ordering\Ordering.Domain\Ordering.Domain.csproj", "{C939E11E-E13E-4040-BB77-F0D41930A320}"
EndProject
Project("{FAE04EC0-301F-11D3-BF4B-00C04F79EFBC}") = "Ordering.Infrastructure", "src\Services\Ordering\Ordering.Infrastructure\Ordering.Infrastructure.csproj", "{614AB04E-F84E-4206-A5C6-259D852955D8}"
EndProject
Project("{FAE04EC0-301F-11D3-BF4B-00C04F79EFBC}") = "Ordering.Api", "src\Services\Ordering\Ordering.Api\Ordering.Api.csproj", "{E144D8AD-32F0-409E-BB56-EDB47FBC8AAA}"
EndProject
Project("{FAE04EC0-301F-11D3-BF4B-00C04F79EFBC}") = "Infrastructure", "src\BuildingBlocks\Infrastructure\Infrastructure.csproj", "{664CC79C-F049-48D5-AD77-0E19C182424E}"
EndProject
Project("{FAE04EC0-301F-11D3-BF4B-00C04F79EFBC}") = "Contracts", "src\BuildingBlocks\Contracts\Contracts.csproj", "{D0C0C05C-0075-4ABA-AD3C-9A019E867941}"
EndProject
Project("{FAE04EC0-301F-11D3-BF4B-00C04F79EFBC}") = "Ordering.Processor", "src\Services\Ordering\Ordering.Processor\Ordering.Processor.csproj", "{43A90CD5-1369-4322-952A-16A7E4D81CE9}"
EndProject
Project("{FAE04EC0-301F-11D3-BF4B-00C04F79EFBC}") = "Shared", "src\BuildingBlocks\Shared\Shared.csproj", "{A741B049-68E5-46AA-83EC-7AD3B594FE92}"
EndProject
Global
	GlobalSection(SolutionConfigurationPlatforms) = preSolution
		Debug|Any CPU = Debug|Any CPU
		Release|Any CPU = Release|Any CPU
	EndGlobalSection
	GlobalSection(NestedProjects) = preSolution
		{1334C17C-51B4-4E8F-9365-E6864B810BA5} = {4DE677BD-E278-4CA6-B225-8F4A6D5D4EFE}
		{C9445F8E-0718-4DCF-9122-71DABCE97A5A} = {4DE677BD-E278-4CA6-B225-8F4A6D5D4EFE}
		{4594B0AD-438B-4C24-85A2-C9E60C0A9E49} = {4DE677BD-E278-4CA6-B225-8F4A6D5D4EFE}
		{67F973BD-3EB7-4931-B115-A48D6CC5B24C} = {4DE677BD-E278-4CA6-B225-8F4A6D5D4EFE}
		{9B8F7219-4BFD-4EFD-B103-1975E8462B02} = {C9445F8E-0718-4DCF-9122-71DABCE97A5A}
		{87FCEA57-82C1-4787-BC95-25470733C5E5} = {C9445F8E-0718-4DCF-9122-71DABCE97A5A}
		{D8A8C532-E988-421F-AB83-0101895237BA} = {4594B0AD-438B-4C24-85A2-C9E60C0A9E49}
		{1E32FE76-7BEE-4B87-8658-12A49B9C3531} = {4594B0AD-438B-4C24-85A2-C9E60C0A9E49}
		{B2172276-3E61-49EB-8DD6-78D3B3A03CD8} = {4594B0AD-438B-4C24-85A2-C9E60C0A9E49}
		{C741AFAF-AC4D-4A74-9294-A3741EE8A495} = {4594B0AD-438B-4C24-85A2-C9E60C0A9E49}
		{97C4B237-EBA4-46F5-A6AC-9130E9C4992A} = {4594B0AD-438B-4C24-85A2-C9E60C0A9E49}
		{37DDEDE5-E973-4304-91DA-492EDBCA8FAD} = {4594B0AD-438B-4C24-85A2-C9E60C0A9E49}
		{DD8B5FE7-CC3B-4E38-8173-97FDE4179EA3} = {4594B0AD-438B-4C24-85A2-C9E60C0A9E49}
		{317740BB-6AD0-4C04-AFA0-C5B77A0EE9B9} = {4594B0AD-438B-4C24-85A2-C9E60C0A9E49}
		{1DAFE6FE-6340-4934-80B5-FFE4FF323E11} = {67F973BD-3EB7-4931-B115-A48D6CC5B24C}
		{0E3AEBE2-FF47-4105-9012-F50ACD8C7F07} = {D8A8C532-E988-421F-AB83-0101895237BA}
		{D4874F57-6A66-4BEF-8995-68A02892BEE9} = {4DE677BD-E278-4CA6-B225-8F4A6D5D4EFE}
		{FC88D757-AD2C-4F8B-8858-8698F4BD7036} = {1E32FE76-7BEE-4B87-8658-12A49B9C3531}
		{1F2AD8AF-E60A-44FD-BABD-6107AB65E54D} = {4594B0AD-438B-4C24-85A2-C9E60C0A9E49}
		{3ABC2A4C-1267-4380-B56B-8E52B2AFCADD} = {1F2AD8AF-E60A-44FD-BABD-6107AB65E54D}
		{41DB27AC-5E08-4D6E-AACD-303E39BB3767} = {1F2AD8AF-E60A-44FD-BABD-6107AB65E54D}
		{CB8FBFC5-096C-464A-8187-D211080C3488} = {1F2AD8AF-E60A-44FD-BABD-6107AB65E54D}
		{F497C1C3-48BA-4FD2-BF46-11ABFBF9691A} = {1F2AD8AF-E60A-44FD-BABD-6107AB65E54D}
		{12CAF446-B5A1-417E-BF24-DBE349B596FA} = {317740BB-6AD0-4C04-AFA0-C5B77A0EE9B9}
		{3EA54193-6EFF-41F6-9F4C-7B10297671F3} = {B2172276-3E61-49EB-8DD6-78D3B3A03CD8}
		{B5A64770-D115-45A5-BDAA-4094AEA08E59} = {DD8B5FE7-CC3B-4E38-8173-97FDE4179EA3}
		{A65FD4D5-4CCF-495B-9F0E-D4AC18F820B2} = {37DDEDE5-E973-4304-91DA-492EDBCA8FAD}
		{F92F5243-5BDA-4B96-8198-F3494485154A} = {37DDEDE5-E973-4304-91DA-492EDBCA8FAD}
		{2273F854-F49E-40B6-9107-C241B7695D30} = {37DDEDE5-E973-4304-91DA-492EDBCA8FAD}
		{34DF0BAF-391F-4C17-8ACC-0A496F4828E8} = {37DDEDE5-E973-4304-91DA-492EDBCA8FAD}
		{5642EE23-E6B0-4E98-925B-D1D5FCC67015} = {97C4B237-EBA4-46F5-A6AC-9130E9C4992A}
		{EFDCD502-2E90-4BB0-B571-8F11D4209ABA} = {4594B0AD-438B-4C24-85A2-C9E60C0A9E49}
		{9AD4EAC9-35C5-4962-918F-D0E81903F51F} = {EFDCD502-2E90-4BB0-B571-8F11D4209ABA}
		{0B0B9FF9-6ECA-4BA3-ADD0-5495030C9534} = {EFDCD502-2E90-4BB0-B571-8F11D4209ABA}
		{A7262324-351C-4637-ACEB-136057B16E67} = {EFDCD502-2E90-4BB0-B571-8F11D4209ABA}
		{A579DDAC-1707-4744-B4EC-707A09FBC0E2} = {EFDCD502-2E90-4BB0-B571-8F11D4209ABA}
		{7679652A-25E4-4CD2-BC49-D649D569338E} = {C741AFAF-AC4D-4A74-9294-A3741EE8A495}
		{C939E11E-E13E-4040-BB77-F0D41930A320} = {C741AFAF-AC4D-4A74-9294-A3741EE8A495}
		{614AB04E-F84E-4206-A5C6-259D852955D8} = {C741AFAF-AC4D-4A74-9294-A3741EE8A495}
		{E144D8AD-32F0-409E-BB56-EDB47FBC8AAA} = {C741AFAF-AC4D-4A74-9294-A3741EE8A495}
		{664CC79C-F049-48D5-AD77-0E19C182424E} = {C9445F8E-0718-4DCF-9122-71DABCE97A5A}
		{D0C0C05C-0075-4ABA-AD3C-9A019E867941} = {C9445F8E-0718-4DCF-9122-71DABCE97A5A}
		{43A90CD5-1369-4322-952A-16A7E4D81CE9} = {C741AFAF-AC4D-4A74-9294-A3741EE8A495}
		{A741B049-68E5-46AA-83EC-7AD3B594FE92} = {C9445F8E-0718-4DCF-9122-71DABCE97A5A}
	EndGlobalSection
	GlobalSection(ProjectConfigurationPlatforms) = postSolution
		{9B8F7219-4BFD-4EFD-B103-1975E8462B02}.Debug|Any CPU.ActiveCfg = Debug|Any CPU
		{9B8F7219-4BFD-4EFD-B103-1975E8462B02}.Debug|Any CPU.Build.0 = Debug|Any CPU
		{9B8F7219-4BFD-4EFD-B103-1975E8462B02}.Release|Any CPU.ActiveCfg = Release|Any CPU
		{9B8F7219-4BFD-4EFD-B103-1975E8462B02}.Release|Any CPU.Build.0 = Release|Any CPU
		{87FCEA57-82C1-4787-BC95-25470733C5E5}.Debug|Any CPU.ActiveCfg = Debug|Any CPU
		{87FCEA57-82C1-4787-BC95-25470733C5E5}.Debug|Any CPU.Build.0 = Debug|Any CPU
		{87FCEA57-82C1-4787-BC95-25470733C5E5}.Release|Any CPU.ActiveCfg = Release|Any CPU
		{87FCEA57-82C1-4787-BC95-25470733C5E5}.Release|Any CPU.Build.0 = Release|Any CPU
		{1DAFE6FE-6340-4934-80B5-FFE4FF323E11}.Debug|Any CPU.ActiveCfg = Debug|Any CPU
		{1DAFE6FE-6340-4934-80B5-FFE4FF323E11}.Debug|Any CPU.Build.0 = Debug|Any CPU
		{1DAFE6FE-6340-4934-80B5-FFE4FF323E11}.Release|Any CPU.ActiveCfg = Release|Any CPU
		{1DAFE6FE-6340-4934-80B5-FFE4FF323E11}.Release|Any CPU.Build.0 = Release|Any CPU
		{0E3AEBE2-FF47-4105-9012-F50ACD8C7F07}.Debug|Any CPU.ActiveCfg = Debug|Any CPU
		{0E3AEBE2-FF47-4105-9012-F50ACD8C7F07}.Debug|Any CPU.Build.0 = Debug|Any CPU
		{0E3AEBE2-FF47-4105-9012-F50ACD8C7F07}.Release|Any CPU.ActiveCfg = Release|Any CPU
		{0E3AEBE2-FF47-4105-9012-F50ACD8C7F07}.Release|Any CPU.Build.0 = Release|Any CPU
		{FC88D757-AD2C-4F8B-8858-8698F4BD7036}.Debug|Any CPU.ActiveCfg = Debug|Any CPU
		{FC88D757-AD2C-4F8B-8858-8698F4BD7036}.Debug|Any CPU.Build.0 = Debug|Any CPU
		{FC88D757-AD2C-4F8B-8858-8698F4BD7036}.Release|Any CPU.ActiveCfg = Release|Any CPU
		{FC88D757-AD2C-4F8B-8858-8698F4BD7036}.Release|Any CPU.Build.0 = Release|Any CPU
		{3ABC2A4C-1267-4380-B56B-8E52B2AFCADD}.Debug|Any CPU.ActiveCfg = Debug|Any CPU
		{3ABC2A4C-1267-4380-B56B-8E52B2AFCADD}.Debug|Any CPU.Build.0 = Debug|Any CPU
		{3ABC2A4C-1267-4380-B56B-8E52B2AFCADD}.Release|Any CPU.ActiveCfg = Release|Any CPU
		{3ABC2A4C-1267-4380-B56B-8E52B2AFCADD}.Release|Any CPU.Build.0 = Release|Any CPU
		{41DB27AC-5E08-4D6E-AACD-303E39BB3767}.Debug|Any CPU.ActiveCfg = Debug|Any CPU
		{41DB27AC-5E08-4D6E-AACD-303E39BB3767}.Debug|Any CPU.Build.0 = Debug|Any CPU
		{41DB27AC-5E08-4D6E-AACD-303E39BB3767}.Release|Any CPU.ActiveCfg = Release|Any CPU
		{41DB27AC-5E08-4D6E-AACD-303E39BB3767}.Release|Any CPU.Build.0 = Release|Any CPU
		{CB8FBFC5-096C-464A-8187-D211080C3488}.Debug|Any CPU.ActiveCfg = Debug|Any CPU
		{CB8FBFC5-096C-464A-8187-D211080C3488}.Debug|Any CPU.Build.0 = Debug|Any CPU
		{CB8FBFC5-096C-464A-8187-D211080C3488}.Release|Any CPU.ActiveCfg = Release|Any CPU
		{CB8FBFC5-096C-464A-8187-D211080C3488}.Release|Any CPU.Build.0 = Release|Any CPU
		{F497C1C3-48BA-4FD2-BF46-11ABFBF9691A}.Debug|Any CPU.ActiveCfg = Debug|Any CPU
		{F497C1C3-48BA-4FD2-BF46-11ABFBF9691A}.Debug|Any CPU.Build.0 = Debug|Any CPU
		{F497C1C3-48BA-4FD2-BF46-11ABFBF9691A}.Release|Any CPU.ActiveCfg = Release|Any CPU
		{F497C1C3-48BA-4FD2-BF46-11ABFBF9691A}.Release|Any CPU.Build.0 = Release|Any CPU
		{12CAF446-B5A1-417E-BF24-DBE349B596FA}.Debug|Any CPU.ActiveCfg = Debug|Any CPU
		{12CAF446-B5A1-417E-BF24-DBE349B596FA}.Debug|Any CPU.Build.0 = Debug|Any CPU
		{12CAF446-B5A1-417E-BF24-DBE349B596FA}.Release|Any CPU.ActiveCfg = Release|Any CPU
		{12CAF446-B5A1-417E-BF24-DBE349B596FA}.Release|Any CPU.Build.0 = Release|Any CPU
		{3EA54193-6EFF-41F6-9F4C-7B10297671F3}.Debug|Any CPU.ActiveCfg = Debug|Any CPU
		{3EA54193-6EFF-41F6-9F4C-7B10297671F3}.Debug|Any CPU.Build.0 = Debug|Any CPU
		{3EA54193-6EFF-41F6-9F4C-7B10297671F3}.Release|Any CPU.ActiveCfg = Release|Any CPU
		{3EA54193-6EFF-41F6-9F4C-7B10297671F3}.Release|Any CPU.Build.0 = Release|Any CPU
		{B5A64770-D115-45A5-BDAA-4094AEA08E59}.Debug|Any CPU.ActiveCfg = Debug|Any CPU
		{B5A64770-D115-45A5-BDAA-4094AEA08E59}.Debug|Any CPU.Build.0 = Debug|Any CPU
		{B5A64770-D115-45A5-BDAA-4094AEA08E59}.Release|Any CPU.ActiveCfg = Release|Any CPU
		{B5A64770-D115-45A5-BDAA-4094AEA08E59}.Release|Any CPU.Build.0 = Release|Any CPU
		{A65FD4D5-4CCF-495B-9F0E-D4AC18F820B2}.Debug|Any CPU.ActiveCfg = Debug|Any CPU
		{A65FD4D5-4CCF-495B-9F0E-D4AC18F820B2}.Debug|Any CPU.Build.0 = Debug|Any CPU
		{A65FD4D5-4CCF-495B-9F0E-D4AC18F820B2}.Release|Any CPU.ActiveCfg = Release|Any CPU
		{A65FD4D5-4CCF-495B-9F0E-D4AC18F820B2}.Release|Any CPU.Build.0 = Release|Any CPU
		{F92F5243-5BDA-4B96-8198-F3494485154A}.Debug|Any CPU.ActiveCfg = Debug|Any CPU
		{F92F5243-5BDA-4B96-8198-F3494485154A}.Debug|Any CPU.Build.0 = Debug|Any CPU
		{F92F5243-5BDA-4B96-8198-F3494485154A}.Release|Any CPU.ActiveCfg = Release|Any CPU
		{F92F5243-5BDA-4B96-8198-F3494485154A}.Release|Any CPU.Build.0 = Release|Any CPU
		{2273F854-F49E-40B6-9107-C241B7695D30}.Debug|Any CPU.ActiveCfg = Debug|Any CPU
		{2273F854-F49E-40B6-9107-C241B7695D30}.Debug|Any CPU.Build.0 = Debug|Any CPU
		{2273F854-F49E-40B6-9107-C241B7695D30}.Release|Any CPU.ActiveCfg = Release|Any CPU
		{2273F854-F49E-40B6-9107-C241B7695D30}.Release|Any CPU.Build.0 = Release|Any CPU
		{34DF0BAF-391F-4C17-8ACC-0A496F4828E8}.Debug|Any CPU.ActiveCfg = Debug|Any CPU
		{34DF0BAF-391F-4C17-8ACC-0A496F4828E8}.Debug|Any CPU.Build.0 = Debug|Any CPU
		{34DF0BAF-391F-4C17-8ACC-0A496F4828E8}.Release|Any CPU.ActiveCfg = Release|Any CPU
		{34DF0BAF-391F-4C17-8ACC-0A496F4828E8}.Release|Any CPU.Build.0 = Release|Any CPU
		{5642EE23-E6B0-4E98-925B-D1D5FCC67015}.Debug|Any CPU.ActiveCfg = Debug|Any CPU
		{5642EE23-E6B0-4E98-925B-D1D5FCC67015}.Debug|Any CPU.Build.0 = Debug|Any CPU
		{5642EE23-E6B0-4E98-925B-D1D5FCC67015}.Release|Any CPU.ActiveCfg = Release|Any CPU
		{5642EE23-E6B0-4E98-925B-D1D5FCC67015}.Release|Any CPU.Build.0 = Release|Any CPU
		{9AD4EAC9-35C5-4962-918F-D0E81903F51F}.Debug|Any CPU.ActiveCfg = Debug|Any CPU
		{9AD4EAC9-35C5-4962-918F-D0E81903F51F}.Debug|Any CPU.Build.0 = Debug|Any CPU
		{9AD4EAC9-35C5-4962-918F-D0E81903F51F}.Release|Any CPU.ActiveCfg = Release|Any CPU
		{9AD4EAC9-35C5-4962-918F-D0E81903F51F}.Release|Any CPU.Build.0 = Release|Any CPU
		{0B0B9FF9-6ECA-4BA3-ADD0-5495030C9534}.Debug|Any CPU.ActiveCfg = Debug|Any CPU
		{0B0B9FF9-6ECA-4BA3-ADD0-5495030C9534}.Debug|Any CPU.Build.0 = Debug|Any CPU
		{0B0B9FF9-6ECA-4BA3-ADD0-5495030C9534}.Release|Any CPU.ActiveCfg = Release|Any CPU
		{0B0B9FF9-6ECA-4BA3-ADD0-5495030C9534}.Release|Any CPU.Build.0 = Release|Any CPU
		{A7262324-351C-4637-ACEB-136057B16E67}.Debug|Any CPU.ActiveCfg = Debug|Any CPU
		{A7262324-351C-4637-ACEB-136057B16E67}.Debug|Any CPU.Build.0 = Debug|Any CPU
		{A7262324-351C-4637-ACEB-136057B16E67}.Release|Any CPU.ActiveCfg = Release|Any CPU
		{A7262324-351C-4637-ACEB-136057B16E67}.Release|Any CPU.Build.0 = Release|Any CPU
		{A579DDAC-1707-4744-B4EC-707A09FBC0E2}.Debug|Any CPU.ActiveCfg = Debug|Any CPU
		{A579DDAC-1707-4744-B4EC-707A09FBC0E2}.Debug|Any CPU.Build.0 = Debug|Any CPU
		{A579DDAC-1707-4744-B4EC-707A09FBC0E2}.Release|Any CPU.ActiveCfg = Release|Any CPU
		{A579DDAC-1707-4744-B4EC-707A09FBC0E2}.Release|Any CPU.Build.0 = Release|Any CPU
		{7679652A-25E4-4CD2-BC49-D649D569338E}.Debug|Any CPU.ActiveCfg = Debug|Any CPU
		{7679652A-25E4-4CD2-BC49-D649D569338E}.Debug|Any CPU.Build.0 = Debug|Any CPU
		{7679652A-25E4-4CD2-BC49-D649D569338E}.Release|Any CPU.ActiveCfg = Release|Any CPU
		{7679652A-25E4-4CD2-BC49-D649D569338E}.Release|Any CPU.Build.0 = Release|Any CPU
		{C939E11E-E13E-4040-BB77-F0D41930A320}.Debug|Any CPU.ActiveCfg = Debug|Any CPU
		{C939E11E-E13E-4040-BB77-F0D41930A320}.Debug|Any CPU.Build.0 = Debug|Any CPU
		{C939E11E-E13E-4040-BB77-F0D41930A320}.Release|Any CPU.ActiveCfg = Release|Any CPU
		{C939E11E-E13E-4040-BB77-F0D41930A320}.Release|Any CPU.Build.0 = Release|Any CPU
		{614AB04E-F84E-4206-A5C6-259D852955D8}.Debug|Any CPU.ActiveCfg = Debug|Any CPU
		{614AB04E-F84E-4206-A5C6-259D852955D8}.Debug|Any CPU.Build.0 = Debug|Any CPU
		{614AB04E-F84E-4206-A5C6-259D852955D8}.Release|Any CPU.ActiveCfg = Release|Any CPU
		{614AB04E-F84E-4206-A5C6-259D852955D8}.Release|Any CPU.Build.0 = Release|Any CPU
		{E144D8AD-32F0-409E-BB56-EDB47FBC8AAA}.Debug|Any CPU.ActiveCfg = Debug|Any CPU
		{E144D8AD-32F0-409E-BB56-EDB47FBC8AAA}.Debug|Any CPU.Build.0 = Debug|Any CPU
		{E144D8AD-32F0-409E-BB56-EDB47FBC8AAA}.Release|Any CPU.ActiveCfg = Release|Any CPU
		{E144D8AD-32F0-409E-BB56-EDB47FBC8AAA}.Release|Any CPU.Build.0 = Release|Any CPU
		{664CC79C-F049-48D5-AD77-0E19C182424E}.Debug|Any CPU.ActiveCfg = Debug|Any CPU
		{664CC79C-F049-48D5-AD77-0E19C182424E}.Debug|Any CPU.Build.0 = Debug|Any CPU
		{664CC79C-F049-48D5-AD77-0E19C182424E}.Release|Any CPU.ActiveCfg = Release|Any CPU
		{664CC79C-F049-48D5-AD77-0E19C182424E}.Release|Any CPU.Build.0 = Release|Any CPU
		{D0C0C05C-0075-4ABA-AD3C-9A019E867941}.Debug|Any CPU.ActiveCfg = Debug|Any CPU
		{D0C0C05C-0075-4ABA-AD3C-9A019E867941}.Debug|Any CPU.Build.0 = Debug|Any CPU
		{D0C0C05C-0075-4ABA-AD3C-9A019E867941}.Release|Any CPU.ActiveCfg = Release|Any CPU
		{D0C0C05C-0075-4ABA-AD3C-9A019E867941}.Release|Any CPU.Build.0 = Release|Any CPU
		{43A90CD5-1369-4322-952A-16A7E4D81CE9}.Debug|Any CPU.ActiveCfg = Debug|Any CPU
		{43A90CD5-1369-4322-952A-16A7E4D81CE9}.Debug|Any CPU.Build.0 = Debug|Any CPU
		{43A90CD5-1369-4322-952A-16A7E4D81CE9}.Release|Any CPU.ActiveCfg = Release|Any CPU
		{43A90CD5-1369-4322-952A-16A7E4D81CE9}.Release|Any CPU.Build.0 = Release|Any CPU
		{A741B049-68E5-46AA-83EC-7AD3B594FE92}.Debug|Any CPU.ActiveCfg = Debug|Any CPU
		{A741B049-68E5-46AA-83EC-7AD3B594FE92}.Debug|Any CPU.Build.0 = Debug|Any CPU
		{A741B049-68E5-46AA-83EC-7AD3B594FE92}.Release|Any CPU.ActiveCfg = Release|Any CPU
		{A741B049-68E5-46AA-83EC-7AD3B594FE92}.Release|Any CPU.Build.0 = Release|Any CPU
	EndGlobalSection
EndGlobal
